
Microsoft Visual Studio Solution File, Format Version 12.00
# Visual Studio 14
VisualStudioVersion = 14.0.25420.1
MinimumVisualStudioVersion = 10.0.40219.1
Project("{FAE04EC0-301F-11D3-BF4B-00C04F79EFBC}") = "OnlineBanking", "OnlineBanking\OnlineBanking.csproj", "{1AEC717E-BECD-402C-BDA1-A3393AD750DB}"
EndProject
Project("{FAE04EC0-301F-11D3-BF4B-00C04F79EFBC}") = "onlineBankingLibrary", "..\onlineBankingLibrary\onlineBankingLibrary\onlineBankingLibrary.csproj", "{70FA141C-CF03-4710-A390-D62B85A87233}"
EndProject
Global
	GlobalSection(SolutionConfigurationPlatforms) = preSolution
		Debug|Any CPU = Debug|Any CPU
		Release|Any CPU = Release|Any CPU
	EndGlobalSection
	GlobalSection(ProjectConfigurationPlatforms) = postSolution
		{1AEC717E-BECD-402C-BDA1-A3393AD750DB}.Debug|Any CPU.ActiveCfg = Debug|Any CPU
		{1AEC717E-BECD-402C-BDA1-A3393AD750DB}.Debug|Any CPU.Build.0 = Debug|Any CPU
		{1AEC717E-BECD-402C-BDA1-A3393AD750DB}.Release|Any CPU.ActiveCfg = Release|Any CPU
		{1AEC717E-BECD-402C-BDA1-A3393AD750DB}.Release|Any CPU.Build.0 = Release|Any CPU
		{70FA141C-CF03-4710-A390-D62B85A87233}.Debug|Any CPU.ActiveCfg = Debug|Any CPU
		{70FA141C-CF03-4710-A390-D62B85A87233}.Debug|Any CPU.Build.0 = Debug|Any CPU
		{70FA141C-CF03-4710-A390-D62B85A87233}.Release|Any CPU.ActiveCfg = Release|Any CPU
		{70FA141C-CF03-4710-A390-D62B85A87233}.Release|Any CPU.Build.0 = Release|Any CPU
	EndGlobalSection
	GlobalSection(SolutionProperties) = preSolution
		HideSolutionNode = FALSE
	EndGlobalSection
EndGlobal
